// !$*UTF8*$!
{
	archiveVersion = 1;
	classes = {
	};
	objectVersion = 46;
	objects = {

/* Begin PBXBuildFile section */
		752A0D731D32A58B00EDBE69 /* AppDelegate.swift in Sources */ = {isa = PBXBuildFile; fileRef = 752A0D721D32A58B00EDBE69 /* AppDelegate.swift */; };
		752A0D751D32A58B00EDBE69 /* RecordSoundsViewController.swift in Sources */ = {isa = PBXBuildFile; fileRef = 752A0D741D32A58B00EDBE69 /* RecordSoundsViewController.swift */; };
		752A0D781D32A58B00EDBE69 /* Main.storyboard in Resources */ = {isa = PBXBuildFile; fileRef = 752A0D761D32A58B00EDBE69 /* Main.storyboard */; };
		752A0D7A1D32A58B00EDBE69 /* Assets.xcassets in Resources */ = {isa = PBXBuildFile; fileRef = 752A0D791D32A58B00EDBE69 /* Assets.xcassets */; };
		752A0D7D1D32A58B00EDBE69 /* LaunchScreen.storyboard in Resources */ = {isa = PBXBuildFile; fileRef = 752A0D7B1D32A58B00EDBE69 /* LaunchScreen.storyboard */; };
		752A0D881D32A58C00EDBE69 /* PitchPerfectTests.swift in Sources */ = {isa = PBXBuildFile; fileRef = 752A0D871D32A58C00EDBE69 /* PitchPerfectTests.swift */; };
		752A0D931D32E0EF00EDBE69 /* PlaySoundsViewController.swift in Sources */ = {isa = PBXBuildFile; fileRef = 752A0D921D32E0EF00EDBE69 /* PlaySoundsViewController.swift */; };
		752A0D951D32FBDF00EDBE69 /* PlaySoundsViewController+Audio.swift in Sources */ = {isa = PBXBuildFile; fileRef = 752A0D941D32FBDF00EDBE69 /* PlaySoundsViewController+Audio.swift */; };
/* End PBXBuildFile section */

/* Begin PBXContainerItemProxy section */
		752A0D841D32A58C00EDBE69 /* PBXContainerItemProxy */ = {
			isa = PBXContainerItemProxy;
			containerPortal = 752A0D671D32A58B00EDBE69 /* Project object */;
			proxyType = 1;
			remoteGlobalIDString = 752A0D6E1D32A58B00EDBE69;
			remoteInfo = PitchPerfect;
		};
/* End PBXContainerItemProxy section */

/* Begin PBXFileReference section */
		752A0D6F1D32A58B00EDBE69 /* PitchPerfect.app */ = {isa = PBXFileReference; explicitFileType = wrapper.application; includeInIndex = 0; path = PitchPerfect.app; sourceTree = BUILT_PRODUCTS_DIR; };
		752A0D721D32A58B00EDBE69 /* AppDelegate.swift */ = {isa = PBXFileReference; lastKnownFileType = sourcecode.swift; path = AppDelegate.swift; sourceTree = "<group>"; };
		752A0D741D32A58B00EDBE69 /* RecordSoundsViewController.swift */ = {isa = PBXFileReference; lastKnownFileType = sourcecode.swift; path = RecordSoundsViewController.swift; sourceTree = "<group>"; };
		752A0D771D32A58B00EDBE69 /* Base */ = {isa = PBXFileReference; lastKnownFileType = file.storyboard; name = Base; path = Base.lproj/Main.storyboard; sourceTree = "<group>"; };
		752A0D791D32A58B00EDBE69 /* Assets.xcassets */ = {isa = PBXFileReference; lastKnownFileType = folder.assetcatalog; path = Assets.xcassets; sourceTree = "<group>"; };
		752A0D7C1D32A58B00EDBE69 /* Base */ = {isa = PBXFileReference; lastKnownFileType = file.storyboard; name = Base; path = Base.lproj/LaunchScreen.storyboard; sourceTree = "<group>"; };
		752A0D7E1D32A58B00EDBE69 /* Info.plist */ = {isa = PBXFileReference; lastKnownFileType = text.plist.xml; path = Info.plist; sourceTree = "<group>"; };
		752A0D831D32A58C00EDBE69 /* PitchPerfectTests.xctest */ = {isa = PBXFileReference; explicitFileType = wrapper.cfbundle; includeInIndex = 0; path = PitchPerfectTests.xctest; sourceTree = BUILT_PRODUCTS_DIR; };
		752A0D871D32A58C00EDBE69 /* PitchPerfectTests.swift */ = {isa = PBXFileReference; lastKnownFileType = sourcecode.swift; path = PitchPerfectTests.swift; sourceTree = "<group>"; };
		752A0D891D32A58C00EDBE69 /* Info.plist */ = {isa = PBXFileReference; lastKnownFileType = text.plist.xml; path = Info.plist; sourceTree = "<group>"; };
		752A0D921D32E0EF00EDBE69 /* PlaySoundsViewController.swift */ = {isa = PBXFileReference; fileEncoding = 4; lastKnownFileType = sourcecode.swift; path = PlaySoundsViewController.swift; sourceTree = "<group>"; };
		752A0D941D32FBDF00EDBE69 /* PlaySoundsViewController+Audio.swift */ = {isa = PBXFileReference; fileEncoding = 4; lastKnownFileType = sourcecode.swift; path = "PlaySoundsViewController+Audio.swift"; sourceTree = "<group>"; };
/* End PBXFileReference section */

/* Begin PBXFrameworksBuildPhase section */
		752A0D6C1D32A58B00EDBE69 /* Frameworks */ = {
			isa = PBXFrameworksBuildPhase;
			buildActionMask = 2147483647;
			files = (
			);
			runOnlyForDeploymentPostprocessing = 0;
		};
		752A0D801D32A58C00EDBE69 /* Frameworks */ = {
			isa = PBXFrameworksBuildPhase;
			buildActionMask = 2147483647;
			files = (
			);
			runOnlyForDeploymentPostprocessing = 0;
		};
/* End PBXFrameworksBuildPhase section */

/* Begin PBXGroup section */
		752A0D661D32A58B00EDBE69 = {
			isa = PBXGroup;
			children = (
				752A0D711D32A58B00EDBE69 /* PitchPerfect */,
				752A0D861D32A58C00EDBE69 /* PitchPerfectTests */,
				752A0D701D32A58B00EDBE69 /* Products */,
			);
			sourceTree = "<group>";
		};
		752A0D701D32A58B00EDBE69 /* Products */ = {
			isa = PBXGroup;
			children = (
				752A0D6F1D32A58B00EDBE69 /* PitchPerfect.app */,
				752A0D831D32A58C00EDBE69 /* PitchPerfectTests.xctest */,
			);
			name = Products;
			sourceTree = "<group>";
		};
		752A0D711D32A58B00EDBE69 /* PitchPerfect */ = {
			isa = PBXGroup;
			children = (
				752A0D721D32A58B00EDBE69 /* AppDelegate.swift */,
				752A0D741D32A58B00EDBE69 /* RecordSoundsViewController.swift */,
				752A0D921D32E0EF00EDBE69 /* PlaySoundsViewController.swift */,
				752A0D941D32FBDF00EDBE69 /* PlaySoundsViewController+Audio.swift */,
				752A0D761D32A58B00EDBE69 /* Main.storyboard */,
				752A0D791D32A58B00EDBE69 /* Assets.xcassets */,
				752A0D7B1D32A58B00EDBE69 /* LaunchScreen.storyboard */,
				752A0D7E1D32A58B00EDBE69 /* Info.plist */,
			);
			path = PitchPerfect;
			sourceTree = "<group>";
		};
		752A0D861D32A58C00EDBE69 /* PitchPerfectTests */ = {
			isa = PBXGroup;
			children = (
				752A0D871D32A58C00EDBE69 /* PitchPerfectTests.swift */,
				752A0D891D32A58C00EDBE69 /* Info.plist */,
			);
			path = PitchPerfectTests;
			sourceTree = "<group>";
		};
/* End PBXGroup section */

/* Begin PBXNativeTarget section */
		752A0D6E1D32A58B00EDBE69 /* PitchPerfect */ = {
			isa = PBXNativeTarget;
			buildConfigurationList = 752A0D8C1D32A58C00EDBE69 /* Build configuration list for PBXNativeTarget "PitchPerfect" */;
			buildPhases = (
				752A0D6B1D32A58B00EDBE69 /* Sources */,
				752A0D6C1D32A58B00EDBE69 /* Frameworks */,
				752A0D6D1D32A58B00EDBE69 /* Resources */,
			);
			buildRules = (
			);
			dependencies = (
			);
			name = PitchPerfect;
			productName = PitchPerfect;
			productReference = 752A0D6F1D32A58B00EDBE69 /* PitchPerfect.app */;
			productType = "com.apple.product-type.application";
		};
		752A0D821D32A58C00EDBE69 /* PitchPerfectTests */ = {
			isa = PBXNativeTarget;
			buildConfigurationList = 752A0D8F1D32A58C00EDBE69 /* Build configuration list for PBXNativeTarget "PitchPerfectTests" */;
			buildPhases = (
				752A0D7F1D32A58C00EDBE69 /* Sources */,
				752A0D801D32A58C00EDBE69 /* Frameworks */,
				752A0D811D32A58C00EDBE69 /* Resources */,
			);
			buildRules = (
			);
			dependencies = (
				752A0D851D32A58C00EDBE69 /* PBXTargetDependency */,
			);
			name = PitchPerfectTests;
			productName = PitchPerfectTests;
			productReference = 752A0D831D32A58C00EDBE69 /* PitchPerfectTests.xctest */;
			productType = "com.apple.product-type.bundle.unit-test";
		};
/* End PBXNativeTarget section */

/* Begin PBXProject section */
		752A0D671D32A58B00EDBE69 /* Project object */ = {
			isa = PBXProject;
			attributes = {
				LastSwiftUpdateCheck = 0730;
				LastUpgradeCheck = 0730;
				ORGANIZATIONNAME = "Najim Mazidi";
				TargetAttributes = {
					752A0D6E1D32A58B00EDBE69 = {
						CreatedOnToolsVersion = 7.3.1;
						DevelopmentTeam = NQYD42FHSS;
					};
					752A0D821D32A58C00EDBE69 = {
						CreatedOnToolsVersion = 7.3.1;
						TestTargetID = 752A0D6E1D32A58B00EDBE69;
					};
				};
			};
			buildConfigurationList = 752A0D6A1D32A58B00EDBE69 /* Build configuration list for PBXProject "PitchPerfect" */;
			compatibilityVersion = "Xcode 3.2";
			developmentRegion = English;
			hasScannedForEncodings = 0;
			knownRegions = (
				en,
				Base,
			);
			mainGroup = 752A0D661D32A58B00EDBE69;
			productRefGroup = 752A0D701D32A58B00EDBE69 /* Products */;
			projectDirPath = "";
			projectRoot = "";
			targets = (
				752A0D6E1D32A58B00EDBE69 /* PitchPerfect */,
				752A0D821D32A58C00EDBE69 /* PitchPerfectTests */,
			);
		};
/* End PBXProject section */

/* Begin PBXResourcesBuildPhase section */
		752A0D6D1D32A58B00EDBE69 /* Resources */ = {
			isa = PBXResourcesBuildPhase;
			buildActionMask = 2147483647;
			files = (
				752A0D7D1D32A58B00EDBE69 /* LaunchScreen.storyboard in Resources */,
				752A0D7A1D32A58B00EDBE69 /* Assets.xcassets in Resources */,
				752A0D781D32A58B00EDBE69 /* Main.storyboard in Resources */,
			);
			runOnlyForDeploymentPostprocessing = 0;
		};
		752A0D811D32A58C00EDBE69 /* Resources */ = {
			isa = PBXResourcesBuildPhase;
			buildActionMask = 2147483647;
			files = (
			);
			runOnlyForDeploymentPostprocessing = 0;
		};
/* End PBXResourcesBuildPhase section */

/* Begin PBXSourcesBuildPhase section */
		752A0D6B1D32A58B00EDBE69 /* Sources */ = {
			isa = PBXSourcesBuildPhase;
			buildActionMask = 2147483647;
			files = (
				752A0D751D32A58B00EDBE69 /* RecordSoundsViewController.swift in Sources */,
				752A0D951D32FBDF00EDBE69 /* PlaySoundsViewController+Audio.swift in Sources */,
				752A0D931D32E0EF00EDBE69 /* PlaySoundsViewController.swift in Sources */,
				752A0D731D32A58B00EDBE69 /* AppDelegate.swift in Sources */,
			);
			runOnlyForDeploymentPostprocessing = 0;
		};
		752A0D7F1D32A58C00EDBE69 /* Sources */ = {
			isa = PBXSourcesBuildPhase;
			buildActionMask = 2147483647;
			files = (
				752A0D881D32A58C00EDBE69 /* PitchPerfectTests.swift in Sources */,
			);
			runOnlyForDeploymentPostprocessing = 0;
		};
/* End PBXSourcesBuildPhase section */

/* Begin PBXTargetDependency section */
		752A0D851D32A58C00EDBE69 /* PBXTargetDependency */ = {
			isa = PBXTargetDependency;
			target = 752A0D6E1D32A58B00EDBE69 /* PitchPerfect */;
			targetProxy = 752A0D841D32A58C00EDBE69 /* PBXContainerItemProxy */;
		};
/* End PBXTargetDependency section */

/* Begin PBXVariantGroup section */
		752A0D761D32A58B00EDBE69 /* Main.storyboard */ = {
			isa = PBXVariantGroup;
			children = (
				752A0D771D32A58B00EDBE69 /* Base */,
			);
			name = Main.storyboard;
			sourceTree = "<group>";
		};
		752A0D7B1D32A58B00EDBE69 /* LaunchScreen.storyboard */ = {
			isa = PBXVariantGroup;
			children = (
				752A0D7C1D32A58B00EDBE69 /* Base */,
			);
			name = LaunchScreen.storyboard;
			sourceTree = "<group>";
		};
/* End PBXVariantGroup section */

/* Begin XCBuildConfiguration section */
		752A0D8A1D32A58C00EDBE69 /* Debug */ = {
			isa = XCBuildConfiguration;
			buildSettings = {
				ALWAYS_SEARCH_USER_PATHS = NO;
				CLANG_ANALYZER_NONNULL = YES;
				CLANG_CXX_LANGUAGE_STANDARD = "gnu++0x";
				CLANG_CXX_LIBRARY = "libc++";
				CLANG_ENABLE_MODULES = YES;
				CLANG_ENABLE_OBJC_ARC = YES;
				CLANG_WARN_BOOL_CONVERSION = YES;
				CLANG_WARN_CONSTANT_CONVERSION = YES;
				CLANG_WARN_DIRECT_OBJC_ISA_USAGE = YES_ERROR;
				CLANG_WARN_EMPTY_BODY = YES;
				CLANG_WARN_ENUM_CONVERSION = YES;
				CLANG_WARN_INT_CONVERSION = YES;
				CLANG_WARN_OBJC_ROOT_CLASS = YES_ERROR;
				CLANG_WARN_UNREACHABLE_CODE = YES;
				CLANG_WARN__DUPLICATE_METHOD_MATCH = YES;
				"CODE_SIGN_IDENTITY[sdk=iphoneos*]" = "iPhone Developer";
				COPY_PHASE_STRIP = NO;
				DEBUG_INFORMATION_FORMAT = dwarf;
				ENABLE_STRICT_OBJC_MSGSEND = YES;
				ENABLE_TESTABILITY = YES;
				GCC_C_LANGUAGE_STANDARD = gnu99;
				GCC_DYNAMIC_NO_PIC = NO;
				GCC_NO_COMMON_BLOCKS = YES;
				GCC_OPTIMIZATION_LEVEL = 0;
				GCC_PREPROCESSOR_DEFINITIONS = (
					"DEBUG=1",
					"$(inherited)",
				);
				GCC_WARN_64_TO_32_BIT_CONVERSION = YES;
				GCC_WARN_ABOUT_RETURN_TYPE = YES_ERROR;
				GCC_WARN_UNDECLARED_SELECTOR = YES;
				GCC_WARN_UNINITIALIZED_AUTOS = YES_AGGRESSIVE;
				GCC_WARN_UNUSED_FUNCTION = YES;
				GCC_WARN_UNUSED_VARIABLE = YES;
				IPHONEOS_DEPLOYMENT_TARGET = 9.3;
				MTL_ENABLE_DEBUG_INFO = YES;
				ONLY_ACTIVE_ARCH = YES;
				SDKROOT = iphoneos;
				SWIFT_OPTIMIZATION_LEVEL = "-Onone";
				TARGETED_DEVICE_FAMILY = "1,2";
			};
			name = Debug;
		};
		752A0D8B1D32A58C00EDBE69 /* Release */ = {
			isa = XCBuildConfiguration;
			buildSettings = {
				ALWAYS_SEARCH_USER_PATHS = NO;
				CLANG_ANALYZER_NONNULL = YES;
				CLANG_CXX_LANGUAGE_STANDARD = "gnu++0x";
				CLANG_CXX_LIBRARY = "libc++";
				CLANG_ENABLE_MODULES = YES;
				CLANG_ENABLE_OBJC_ARC = YES;
				CLANG_WARN_BOOL_CONVERSION = YES;
				CLANG_WARN_CONSTANT_CONVERSION = YES;
				CLANG_WARN_DIRECT_OBJC_ISA_USAGE = YES_ERROR;
				CLANG_WARN_EMPTY_BODY = YES;
				CLANG_WARN_ENUM_CONVERSION = YES;
				CLANG_WARN_INT_CONVERSION = YES;
				CLANG_WARN_OBJC_ROOT_CLASS = YES_ERROR;
				CLANG_WARN_UNREACHABLE_CODE = YES;
				CLANG_WARN__DUPLICATE_METHOD_MATCH = YES;
				"CODE_SIGN_IDENTITY[sdk=iphoneos*]" = "iPhone Developer";
				COPY_PHASE_STRIP = NO;
				DEBUG_INFORMATION_FORMAT = "dwarf-with-dsym";
				ENABLE_NS_ASSERTIONS = NO;
				ENABLE_STRICT_OBJC_MSGSEND = YES;
				GCC_C_LANGUAGE_STANDARD = gnu99;
				GCC_NO_COMMON_BLOCKS = YES;
				GCC_WARN_64_TO_32_BIT_CONVERSION = YES;
				GCC_WARN_ABOUT_RETURN_TYPE = YES_ERROR;
				GCC_WARN_UNDECLARED_SELECTOR = YES;
				GCC_WARN_UNINITIALIZED_AUTOS = YES_AGGRESSIVE;
				GCC_WARN_UNUSED_FUNCTION = YES;
				GCC_WARN_UNUSED_VARIABLE = YES;
				IPHONEOS_DEPLOYMENT_TARGET = 9.3;
				MTL_ENABLE_DEBUG_INFO = NO;
				SDKROOT = iphoneos;
				TARGETED_DEVICE_FAMILY = "1,2";
				VALIDATE_PRODUCT = YES;
			};
			name = Release;
		};
		752A0D8D1D32A58C00EDBE69 /* Debug */ = {
			isa = XCBuildConfiguration;
			buildSettings = {
				ASSETCATALOG_COMPILER_APPICON_NAME = AppIcon;
				CODE_SIGN_IDENTITY = "iPhone Developer";
				INFOPLIST_FILE = PitchPerfect/Info.plist;
				LD_RUNPATH_SEARCH_PATHS = "$(inherited) @executable_path/Frameworks";
				PRODUCT_BUNDLE_IDENTIFIER = com.najim.PitchPerfect;
				PRODUCT_NAME = "$(TARGET_NAME)";
			};
			name = Debug;
		};
		752A0D8E1D32A58C00EDBE69 /* Release */ = {
			isa = XCBuildConfiguration;
			buildSettings = {
				ASSETCATALOG_COMPILER_APPICON_NAME = AppIcon;
				CODE_SIGN_IDENTITY = "iPhone Developer";
				INFOPLIST_FILE = PitchPerfect/Info.plist;
				LD_RUNPATH_SEARCH_PATHS = "$(inherited) @executable_path/Frameworks";
				PRODUCT_BUNDLE_IDENTIFIER = com.najim.PitchPerfect;
				PRODUCT_NAME = "$(TARGET_NAME)";
			};
			name = Release;
		};
		752A0D901D32A58C00EDBE69 /* Debug */ = {
			isa = XCBuildConfiguration;
			buildSettings = {
				BUNDLE_LOADER = "$(TEST_HOST)";
				INFOPLIST_FILE = PitchPerfectTests/Info.plist;
				LD_RUNPATH_SEARCH_PATHS = "$(inherited) @executable_path/Frameworks @loader_path/Frameworks";
				PRODUCT_BUNDLE_IDENTIFIER = com.najim.PitchPerfectTests;
				PRODUCT_NAME = "$(TARGET_NAME)";
				TEST_HOST = "$(BUILT_PRODUCTS_DIR)/PitchPerfect.app/PitchPerfect";
			};
			name = Debug;
		};
		752A0D911D32A58C00EDBE69 /* Release */ = {
			isa = XCBuildConfiguration;
			buildSettings = {
				BUNDLE_LOADER = "$(TEST_HOST)";
				INFOPLIST_FILE = PitchPerfectTests/Info.plist;
				LD_RUNPATH_SEARCH_PATHS = "$(inherited) @executable_path/Frameworks @loader_path/Frameworks";
				PRODUCT_BUNDLE_IDENTIFIER = com.najim.PitchPerfectTests;
				PRODUCT_NAME = "$(TARGET_NAME)";
				TEST_HOST = "$(BUILT_PRODUCTS_DIR)/PitchPerfect.app/PitchPerfect";
			};
			name = Release;
		};
/* End XCBuildConfiguration section */

/* Begin XCConfigurationList section */
		752A0D6A1D32A58B00EDBE69 /* Build configuration list for PBXProject "PitchPerfect" */ = {
			isa = XCConfigurationList;
			buildConfigurations = (
				752A0D8A1D32A58C00EDBE69 /* Debug */,
				752A0D8B1D32A58C00EDBE69 /* Release */,
			);
			defaultConfigurationIsVisible = 0;
			defaultConfigurationName = Release;
		};
		752A0D8C1D32A58C00EDBE69 /* Build configuration list for PBXNativeTarget "PitchPerfect" */ = {
			isa = XCConfigurationList;
			buildConfigurations = (
				752A0D8D1D32A58C00EDBE69 /* Debug */,
				752A0D8E1D32A58C00EDBE69 /* Release */,
			);
			defaultConfigurationIsVisible = 0;
			defaultConfigurationName = Release;
		};
		752A0D8F1D32A58C00EDBE69 /* Build configuration list for PBXNativeTarget "PitchPerfectTests" */ = {
			isa = XCConfigurationList;
			buildConfigurations = (
				752A0D901D32A58C00EDBE69 /* Debug */,
				752A0D911D32A58C00EDBE69 /* Release */,
			);
			defaultConfigurationIsVisible = 0;
			defaultConfigurationName = Release;
		};
/* End XCConfigurationList section */
	};
	rootObject = 752A0D671D32A58B00EDBE69 /* Project object */;
}
